
Microsoft Visual Studio Solution File, Format Version 12.00
# Visual Studio Version 16
VisualStudioVersion = 16.0.810.16
MinimumVisualStudioVersion = 10.0.40219.1
Project("{FAE04EC0-301F-11D3-BF4B-00C04F79EFBC}") = "FakeRestAPI", "FakeRestAPI\FakeRestAPI.csproj", "{3838506A-F231-4AB0-9225-436EA7277094}"
EndProject
Global
	GlobalSection(SolutionConfigurationPlatforms) = preSolution
		Debug|Any CPU = Debug|Any CPU
		Release|Any CPU = Release|Any CPU
	EndGlobalSection
	GlobalSection(ProjectConfigurationPlatforms) = postSolution
		{3838506A-F231-4AB0-9225-436EA7277094}.Debug|Any CPU.ActiveCfg = Debug|Any CPU
		{3838506A-F231-4AB0-9225-436EA7277094}.Debug|Any CPU.Build.0 = Debug|Any CPU
		{3838506A-F231-4AB0-9225-436EA7277094}.Release|Any CPU.ActiveCfg = Release|Any CPU
		{3838506A-F231-4AB0-9225-436EA7277094}.Release|Any CPU.Build.0 = Release|Any CPU
	EndGlobalSection
	GlobalSection(SolutionProperties) = preSolution
		HideSolutionNode = FALSE
	EndGlobalSection
	GlobalSection(ExtensibilityGlobals) = postSolution
		SolutionGuid = {414FDFF6-8E8C-4F96-9932-2ECB2C4002D1}
	EndGlobalSection
EndGlobal
